
Microsoft Visual Studio Solution File, Format Version 12.00
# Visual Studio Version 17
VisualStudioVersion = 17.6.33829.357
MinimumVisualStudioVersion = 10.0.40219.1
Project("{FAE04EC0-301F-11D3-BF4B-00C04F79EFBC}") = "Gerenciador de estoque", "Gerenciador de estoque.csproj", "{05E965A2-EE4A-47D4-8497-19FE0D277457}"
EndProject
Global
	GlobalSection(SolutionConfigurationPlatforms) = preSolution
		Debug|Any CPU = Debug|Any CPU
		Release|Any CPU = Release|Any CPU
	EndGlobalSection
	GlobalSection(ProjectConfigurationPlatforms) = postSolution
		{05E965A2-EE4A-47D4-8497-19FE0D277457}.Debug|Any CPU.ActiveCfg = Debug|Any CPU
		{05E965A2-EE4A-47D4-8497-19FE0D277457}.Debug|Any CPU.Build.0 = Debug|Any CPU
		{05E965A2-EE4A-47D4-8497-19FE0D277457}.Release|Any CPU.ActiveCfg = Release|Any CPU
		{05E965A2-EE4A-47D4-8497-19FE0D277457}.Release|Any CPU.Build.0 = Release|Any CPU
	EndGlobalSection
	GlobalSection(SolutionProperties) = preSolution
		HideSolutionNode = FALSE
	EndGlobalSection
	GlobalSection(ExtensibilityGlobals) = postSolution
		SolutionGuid = {33AE3A9D-FFF1-498B-A2B0-FA26A5F53BAB}
	EndGlobalSection
EndGlobal
